{
 "graph_lock": {
  "nodes": {
   "0": {
    "options": "fmt:fPIC=True\nfmt:header_only=False\nfmt:shared=False\nfmt:with_fmt_alias=False\nfmt:with_os_api=True\nspdlog:fPIC=True\nspdlog:header_only=False\nspdlog:no_exceptions=False\nspdlog:shared=False\nspdlog:use_std_fmt=False\nspdlog:wchar_filenames=False\nspdlog:wchar_support=False",
    "requires": [
     "1",
     "2"
    ],
    "path": "conanfile.txt",
    "context": "host"
   },
   "1": {
    "ref": "fmt/10.1.1",
    "options": "fPIC=True\nheader_only=False\nshared=False\nwith_fmt_alias=False\nwith_os_api=True",
    "package_id": "31087773b5f8776a06568e9ab11b2ab9a5732d38",
    "prev": "0",
    "modified": true,
    "context": "host"
   },
   "2": {
    "ref": "spdlog/1.12.0",
    "options": "fPIC=True\nheader_only=False\nno_exceptions=False\nshared=False\nuse_std_fmt=False\nwchar_filenames=False\nwchar_support=False\nfmt:fPIC=True\nfmt:header_only=False\nfmt:shared=False\nfmt:with_fmt_alias=False\nfmt:with_os_api=True",
    "package_id": "a9ef26e270b42e6653657da60b6a557b19d58ae7",
    "prev": "0",
    "modified": true,
    "requires": [
     "1"
    ],
    "context": "host"
   }
  },
  "revisions_enabled": false
 },
 "version": "0.4",
 "profile_host": "[settings]\narch=armv8\narch_build=armv8\nbuild_type=Release\ncompiler=gcc\ncompiler.libcxx=libstdc++\ncompiler.version=12\nos=Linux\nos_build=Linux\n[options]\n[build_requires]\n[env]\n"
}