// !$*UTF8*$!
{
	archiveVersion = 1;
	classes = {
	};
	objectVersion = 77;
	objects = {

/* Begin PBXBuildFile section */
		AB5FA7242DAF03950020B0B3 /* AWSClientRuntime in Frameworks */ = {isa = PBXBuildFile; productRef = AB5FA7232DAF03950020B0B3 /* AWSClientRuntime */; };
		AB5FA7282DAF03950020B0B3 /* AWSCognitoIdentityProvider in Frameworks */ = {isa = PBXBuildFile; productRef = AB5FA7272DAF03950020B0B3 /* AWSCognitoIdentityProvider */; };
/* End PBXBuildFile section */

/* Begin PBXContainerItemProxy section */
		AB5FA5362DA6001C0020B0B3 /* PBXContainerItemProxy */ = {
			isa = PBXContainerItemProxy;
			containerPortal = AB5FA5202DA6001B0020B0B3 /* Project object */;
			proxyType = 1;
			remoteGlobalIDString = AB5FA5272DA6001B0020B0B3;
			remoteInfo = ccc;
		};
		AB5FA5402DA6001C0020B0B3 /* PBXContainerItemProxy */ = {
			isa = PBXContainerItemProxy;
			containerPortal = AB5FA5202DA6001B0020B0B3 /* Project object */;
			proxyType = 1;
			remoteGlobalIDString = AB5FA5272DA6001B0020B0B3;
			remoteInfo = ccc;
		};
/* End PBXContainerItemProxy section */

/* Begin PBXFileReference section */
		AB5FA5282DA6001B0020B0B3 /* ccc.app */ = {isa = PBXFileReference; explicitFileType = wrapper.application; includeInIndex = 0; path = ccc.app; sourceTree = BUILT_PRODUCTS_DIR; };
		AB5FA5352DA6001C0020B0B3 /* cccTests.xctest */ = {isa = PBXFileReference; explicitFileType = wrapper.cfbundle; includeInIndex = 0; path = cccTests.xctest; sourceTree = BUILT_PRODUCTS_DIR; };
		AB5FA53F2DA6001C0020B0B3 /* cccUITests.xctest */ = {isa = PBXFileReference; explicitFileType = wrapper.cfbundle; includeInIndex = 0; path = cccUITests.xctest; sourceTree = BUILT_PRODUCTS_DIR; };
/* End PBXFileReference section */

/* Begin PBXFileSystemSynchronizedBuildFileExceptionSet section */
		AB5FA66F2DA829BB0020B0B3 /* Exceptions for "ccc" folder in "ccc" target */ = {
			isa = PBXFileSystemSynchronizedBuildFileExceptionSet;
			membershipExceptions = (
				Info.plist,
			);
			target = AB5FA5272DA6001B0020B0B3 /* ccc */;
		};
/* End PBXFileSystemSynchronizedBuildFileExceptionSet section */

/* Begin PBXFileSystemSynchronizedRootGroup section */
		AB5FA52A2DA6001B0020B0B3 /* ccc */ = {
			isa = PBXFileSystemSynchronizedRootGroup;
			exceptions = (
				AB5FA66F2DA829BB0020B0B3 /* Exceptions for "ccc" folder in "ccc" target */,
			);
			path = ccc;
			sourceTree = "<group>";
		};
		AB5FA5382DA6001C0020B0B3 /* cccTests */ = {
			isa = PBXFileSystemSynchronizedRootGroup;
			path = cccTests;
			sourceTree = "<group>";
		};
		AB5FA5422DA6001C0020B0B3 /* cccUITests */ = {
			isa = PBXFileSystemSynchronizedRootGroup;
			path = cccUITests;
			sourceTree = "<group>";
		};
/* End PBXFileSystemSynchronizedRootGroup section */

/* Begin PBXFrameworksBuildPhase section */
		AB5FA5252DA6001B0020B0B3 /* Frameworks */ = {
			isa = PBXFrameworksBuildPhase;
			buildActionMask = 2147483647;
			files = (
				AB5FA7242DAF03950020B0B3 /* AWSClientRuntime in Frameworks */,
				AB5FA7282DAF03950020B0B3 /* AWSCognitoIdentityProvider in Frameworks */,
			);
			runOnlyForDeploymentPostprocessing = 0;
		};
		AB5FA5322DA6001C0020B0B3 /* Frameworks */ = {
			isa = PBXFrameworksBuildPhase;
			buildActionMask = 2147483647;
			files = (
			);
			runOnlyForDeploymentPostprocessing = 0;
		};
		AB5FA53C2DA6001C0020B0B3 /* Frameworks */ = {
			isa = PBXFrameworksBuildPhase;
			buildActionMask = 2147483647;
			files = (
			);
			runOnlyForDeploymentPostprocessing = 0;
		};
/* End PBXFrameworksBuildPhase section */

/* Begin PBXGroup section */
		AB5FA51F2DA6001B0020B0B3 = {
			isa = PBXGroup;
			children = (
				AB5FA52A2DA6001B0020B0B3 /* ccc */,
				AB5FA5382DA6001C0020B0B3 /* cccTests */,
				AB5FA5422DA6001C0020B0B3 /* cccUITests */,
				AB5FA7202DAEFE870020B0B3 /* Frameworks */,
				AB5FA5292DA6001B0020B0B3 /* Products */,
			);
			sourceTree = "<group>";
		};
		AB5FA5292DA6001B0020B0B3 /* Products */ = {
			isa = PBXGroup;
			children = (
				AB5FA5282DA6001B0020B0B3 /* ccc.app */,
				AB5FA5352DA6001C0020B0B3 /* cccTests.xctest */,
				AB5FA53F2DA6001C0020B0B3 /* cccUITests.xctest */,
			);
			name = Products;
			sourceTree = "<group>";
		};
		AB5FA7202DAEFE870020B0B3 /* Frameworks */ = {
			isa = PBXGroup;
			children = (
			);
			name = Frameworks;
			sourceTree = "<group>";
		};
/* End PBXGroup section */

/* Begin PBXNativeTarget section */
		AB5FA5272DA6001B0020B0B3 /* ccc */ = {
			isa = PBXNativeTarget;
			buildConfigurationList = AB5FA5492DA6001C0020B0B3 /* Build configuration list for PBXNativeTarget "ccc" */;
			buildPhases = (
				AB5FA5242DA6001B0020B0B3 /* Sources */,
				AB5FA5252DA6001B0020B0B3 /* Frameworks */,
				AB5FA5262DA6001B0020B0B3 /* Resources */,
			);
			buildRules = (
			);
			dependencies = (
				AB5FA72C2DAF04F50020B0B3 /* PBXTargetDependency */,
				AB5FA72A2DAF04E90020B0B3 /* PBXTargetDependency */,
			);
			fileSystemSynchronizedGroups = (
				AB5FA52A2DA6001B0020B0B3 /* ccc */,
			);
			name = ccc;
			packageProductDependencies = (
				AB5FA7232DAF03950020B0B3 /* AWSClientRuntime */,
				AB5FA7272DAF03950020B0B3 /* AWSCognitoIdentityProvider */,
			);
			productName = ccc;
			productReference = AB5FA5282DA6001B0020B0B3 /* ccc.app */;
			productType = "com.apple.product-type.application";
		};
		AB5FA5342DA6001C0020B0B3 /* cccTests */ = {
			isa = PBXNativeTarget;
			buildConfigurationList = AB5FA54C2DA6001C0020B0B3 /* Build configuration list for PBXNativeTarget "cccTests" */;
			buildPhases = (
				AB5FA5312DA6001C0020B0B3 /* Sources */,
				AB5FA5322DA6001C0020B0B3 /* Frameworks */,
				AB5FA5332DA6001C0020B0B3 /* Resources */,
			);
			buildRules = (
			);
			dependencies = (
				AB5FA5372DA6001C0020B0B3 /* PBXTargetDependency */,
			);
			fileSystemSynchronizedGroups = (
				AB5FA5382DA6001C0020B0B3 /* cccTests */,
			);
			name = cccTests;
			packageProductDependencies = (
			);
			productName = cccTests;
			productReference = AB5FA5352DA6001C0020B0B3 /* cccTests.xctest */;
			productType = "com.apple.product-type.bundle.unit-test";
		};
		AB5FA53E2DA6001C0020B0B3 /* cccUITests */ = {
			isa = PBXNativeTarget;
			buildConfigurationList = AB5FA54F2DA6001C0020B0B3 /* Build configuration list for PBXNativeTarget "cccUITests" */;
			buildPhases = (
				AB5FA53B2DA6001C0020B0B3 /* Sources */,
				AB5FA53C2DA6001C0020B0B3 /* Frameworks */,
				AB5FA53D2DA6001C0020B0B3 /* Resources */,
			);
			buildRules = (
			);
			dependencies = (
				AB5FA5412DA6001C0020B0B3 /* PBXTargetDependency */,
			);
			fileSystemSynchronizedGroups = (
				AB5FA5422DA6001C0020B0B3 /* cccUITests */,
			);
			name = cccUITests;
			packageProductDependencies = (
			);
			productName = cccUITests;
			productReference = AB5FA53F2DA6001C0020B0B3 /* cccUITests.xctest */;
			productType = "com.apple.product-type.bundle.ui-testing";
		};
/* End PBXNativeTarget section */

/* Begin PBXProject section */
		AB5FA5202DA6001B0020B0B3 /* Project object */ = {
			isa = PBXProject;
			attributes = {
				BuildIndependentTargetsInParallel = 1;
				LastSwiftUpdateCheck = 1630;
				LastUpgradeCheck = 1630;
				TargetAttributes = {
					AB5FA5272DA6001B0020B0B3 = {
						CreatedOnToolsVersion = 16.3;
					};
					AB5FA5342DA6001C0020B0B3 = {
						CreatedOnToolsVersion = 16.3;
						TestTargetID = AB5FA5272DA6001B0020B0B3;
					};
					AB5FA53E2DA6001C0020B0B3 = {
						CreatedOnToolsVersion = 16.3;
						TestTargetID = AB5FA5272DA6001B0020B0B3;
					};
				};
			};
			buildConfigurationList = AB5FA5232DA6001B0020B0B3 /* Build configuration list for PBXProject "ccc" */;
			developmentRegion = en;
			hasScannedForEncodings = 0;
			knownRegions = (
				en,
				Base,
			);
			mainGroup = AB5FA51F2DA6001B0020B0B3;
			minimizedProjectReferenceProxies = 1;
			packageReferences = (
				AB5FA7222DAF03950020B0B3 /* XCRemoteSwiftPackageReference "aws-sdk-swift" */,
			);
			preferredProjectObjectVersion = 77;
			productRefGroup = AB5FA5292DA6001B0020B0B3 /* Products */;
			projectDirPath = "";
			projectRoot = "";
			targets = (
				AB5FA5272DA6001B0020B0B3 /* ccc */,
				AB5FA5342DA6001C0020B0B3 /* cccTests */,
				AB5FA53E2DA6001C0020B0B3 /* cccUITests */,
			);
		};
/* End PBXProject section */

/* Begin PBXResourcesBuildPhase section */
		AB5FA5262DA6001B0020B0B3 /* Resources */ = {
			isa = PBXResourcesBuildPhase;
			buildActionMask = 2147483647;
			files = (
			);
			runOnlyForDeploymentPostprocessing = 0;
		};
		AB5FA5332DA6001C0020B0B3 /* Resources */ = {
			isa = PBXResourcesBuildPhase;
			buildActionMask = 2147483647;
			files = (
			);
			runOnlyForDeploymentPostprocessing = 0;
		};
		AB5FA53D2DA6001C0020B0B3 /* Resources */ = {
			isa = PBXResourcesBuildPhase;
			buildActionMask = 2147483647;
			files = (
			);
			runOnlyForDeploymentPostprocessing = 0;
		};
/* End PBXResourcesBuildPhase section */

/* Begin PBXSourcesBuildPhase section */
		AB5FA5242DA6001B0020B0B3 /* Sources */ = {
			isa = PBXSourcesBuildPhase;
			buildActionMask = 2147483647;
			files = (
			);
			runOnlyForDeploymentPostprocessing = 0;
		};
		AB5FA5312DA6001C0020B0B3 /* Sources */ = {
			isa = PBXSourcesBuildPhase;
			buildActionMask = 2147483647;
			files = (
			);
			runOnlyForDeploymentPostprocessing = 0;
		};
		AB5FA53B2DA6001C0020B0B3 /* Sources */ = {
			isa = PBXSourcesBuildPhase;
			buildActionMask = 2147483647;
			files = (
			);
			runOnlyForDeploymentPostprocessing = 0;
		};
/* End PBXSourcesBuildPhase section */

/* Begin PBXTargetDependency section */
		AB5FA5372DA6001C0020B0B3 /* PBXTargetDependency */ = {
			isa = PBXTargetDependency;
			target = AB5FA5272DA6001B0020B0B3 /* ccc */;
			targetProxy = AB5FA5362DA6001C0020B0B3 /* PBXContainerItemProxy */;
		};
		AB5FA5412DA6001C0020B0B3 /* PBXTargetDependency */ = {
			isa = PBXTargetDependency;
			target = AB5FA5272DA6001B0020B0B3 /* ccc */;
			targetProxy = AB5FA5402DA6001C0020B0B3 /* PBXContainerItemProxy */;
		};
		AB5FA72A2DAF04E90020B0B3 /* PBXTargetDependency */ = {
			isa = PBXTargetDependency;
			productRef = AB5FA7292DAF04E90020B0B3 /* AWSClientRuntime */;
		};
		AB5FA72C2DAF04F50020B0B3 /* PBXTargetDependency */ = {
			isa = PBXTargetDependency;
			productRef = AB5FA72B2DAF04F50020B0B3 /* AWSCognitoIdentityProvider */;
		};
/* End PBXTargetDependency section */

/* Begin XCBuildConfiguration section */
		AB5FA5472DA6001C0020B0B3 /* Debug */ = {
			isa = XCBuildConfiguration;
			buildSettings = {
				ALWAYS_SEARCH_USER_PATHS = NO;
				ASSETCATALOG_COMPILER_GENERATE_SWIFT_ASSET_SYMBOL_EXTENSIONS = YES;
				CLANG_ANALYZER_NONNULL = YES;
				CLANG_ANALYZER_NUMBER_OBJECT_CONVERSION = YES_AGGRESSIVE;
				CLANG_CXX_LANGUAGE_STANDARD = "gnu++20";
				CLANG_ENABLE_MODULES = YES;
				CLANG_ENABLE_OBJC_ARC = YES;
				CLANG_ENABLE_OBJC_WEAK = YES;
				CLANG_WARN_BLOCK_CAPTURE_AUTORELEASING = YES;
				CLANG_WARN_BOOL_CONVERSION = YES;
				CLANG_WARN_COMMA = YES;
				CLANG_WARN_CONSTANT_CONVERSION = YES;
				CLANG_WARN_DEPRECATED_OBJC_IMPLEMENTATIONS = YES;
				CLANG_WARN_DIRECT_OBJC_ISA_USAGE = YES_ERROR;
				CLANG_WARN_DOCUMENTATION_COMMENTS = YES;
				CLANG_WARN_EMPTY_BODY = YES;
				CLANG_WARN_ENUM_CONVERSION = YES;
				CLANG_WARN_INFINITE_RECURSION = YES;
				CLANG_WARN_INT_CONVERSION = YES;
				CLANG_WARN_NON_LITERAL_NULL_CONVERSION = YES;
				CLANG_WARN_OBJC_IMPLICIT_RETAIN_SELF = YES;
				CLANG_WARN_OBJC_LITERAL_CONVERSION = YES;
				CLANG_WARN_OBJC_ROOT_CLASS = YES_ERROR;
				CLANG_WARN_QUOTED_INCLUDE_IN_FRAMEWORK_HEADER = YES;
				CLANG_WARN_RANGE_LOOP_ANALYSIS = YES;
				CLANG_WARN_STRICT_PROTOTYPES = YES;
				CLANG_WARN_SUSPICIOUS_MOVE = YES;
				CLANG_WARN_UNGUARDED_AVAILABILITY = YES_AGGRESSIVE;
				CLANG_WARN_UNREACHABLE_CODE = YES;
				CLANG_WARN__DUPLICATE_METHOD_MATCH = YES;
				COPY_PHASE_STRIP = NO;
				DEBUG_INFORMATION_FORMAT = dwarf;
				ENABLE_STRICT_OBJC_MSGSEND = YES;
				ENABLE_TESTABILITY = YES;
				ENABLE_USER_SCRIPT_SANDBOXING = YES;
				GCC_C_LANGUAGE_STANDARD = gnu17;
				GCC_DYNAMIC_NO_PIC = NO;
				GCC_NO_COMMON_BLOCKS = YES;
				GCC_OPTIMIZATION_LEVEL = 0;
				GCC_PREPROCESSOR_DEFINITIONS = (
					"DEBUG=1",
					"$(inherited)",
				);
				GCC_WARN_64_TO_32_BIT_CONVERSION = YES;
				GCC_WARN_ABOUT_RETURN_TYPE = YES_ERROR;
				GCC_WARN_UNDECLARED_SELECTOR = YES;
				GCC_WARN_UNINITIALIZED_AUTOS = YES_AGGRESSIVE;
				GCC_WARN_UNUSED_FUNCTION = YES;
				GCC_WARN_UNUSED_VARIABLE = YES;
				IPHONEOS_DEPLOYMENT_TARGET = 18.4;
				LOCALIZATION_PREFERS_STRING_CATALOGS = YES;
				MTL_ENABLE_DEBUG_INFO = INCLUDE_SOURCE;
				MTL_FAST_MATH = YES;
				ONLY_ACTIVE_ARCH = YES;
				SDKROOT = iphoneos;
				SWIFT_ACTIVE_COMPILATION_CONDITIONS = "DEBUG $(inherited)";
				SWIFT_OPTIMIZATION_LEVEL = "-Onone";
			};
			name = Debug;
		};
		AB5FA5482DA6001C0020B0B3 /* Release */ = {
			isa = XCBuildConfiguration;
			buildSettings = {
				ALWAYS_SEARCH_USER_PATHS = NO;
				ASSETCATALOG_COMPILER_GENERATE_SWIFT_ASSET_SYMBOL_EXTENSIONS = YES;
				CLANG_ANALYZER_NONNULL = YES;
				CLANG_ANALYZER_NUMBER_OBJECT_CONVERSION = YES_AGGRESSIVE;
				CLANG_CXX_LANGUAGE_STANDARD = "gnu++20";
				CLANG_ENABLE_MODULES = YES;
				CLANG_ENABLE_OBJC_ARC = YES;
				CLANG_ENABLE_OBJC_WEAK = YES;
				CLANG_WARN_BLOCK_CAPTURE_AUTORELEASING = YES;
				CLANG_WARN_BOOL_CONVERSION = YES;
				CLANG_WARN_COMMA = YES;
				CLANG_WARN_CONSTANT_CONVERSION = YES;
				CLANG_WARN_DEPRECATED_OBJC_IMPLEMENTATIONS = YES;
				CLANG_WARN_DIRECT_OBJC_ISA_USAGE = YES_ERROR;
				CLANG_WARN_DOCUMENTATION_COMMENTS = YES;
				CLANG_WARN_EMPTY_BODY = YES;
				CLANG_WARN_ENUM_CONVERSION = YES;
				CLANG_WARN_INFINITE_RECURSION = YES;
				CLANG_WARN_INT_CONVERSION = YES;
				CLANG_WARN_NON_LITERAL_NULL_CONVERSION = YES;
				CLANG_WARN_OBJC_IMPLICIT_RETAIN_SELF = YES;
				CLANG_WARN_OBJC_LITERAL_CONVERSION = YES;
				CLANG_WARN_OBJC_ROOT_CLASS = YES_ERROR;
				CLANG_WARN_QUOTED_INCLUDE_IN_FRAMEWORK_HEADER = YES;
				CLANG_WARN_RANGE_LOOP_ANALYSIS = YES;
				CLANG_WARN_STRICT_PROTOTYPES = YES;
				CLANG_WARN_SUSPICIOUS_MOVE = YES;
				CLANG_WARN_UNGUARDED_AVAILABILITY = YES_AGGRESSIVE;
				CLANG_WARN_UNREACHABLE_CODE = YES;
				CLANG_WARN__DUPLICATE_METHOD_MATCH = YES;
				COPY_PHASE_STRIP = NO;
				DEBUG_INFORMATION_FORMAT = "dwarf-with-dsym";
				ENABLE_NS_ASSERTIONS = NO;
				ENABLE_STRICT_OBJC_MSGSEND = YES;
				ENABLE_USER_SCRIPT_SANDBOXING = YES;
				GCC_C_LANGUAGE_STANDARD = gnu17;
				GCC_NO_COMMON_BLOCKS = YES;
				GCC_WARN_64_TO_32_BIT_CONVERSION = YES;
				GCC_WARN_ABOUT_RETURN_TYPE = YES_ERROR;
				GCC_WARN_UNDECLARED_SELECTOR = YES;
				GCC_WARN_UNINITIALIZED_AUTOS = YES_AGGRESSIVE;
				GCC_WARN_UNUSED_FUNCTION = YES;
				GCC_WARN_UNUSED_VARIABLE = YES;
				IPHONEOS_DEPLOYMENT_TARGET = 18.4;
				LOCALIZATION_PREFERS_STRING_CATALOGS = YES;
				MTL_ENABLE_DEBUG_INFO = NO;
				MTL_FAST_MATH = YES;
				SDKROOT = iphoneos;
				SWIFT_COMPILATION_MODE = wholemodule;
				VALIDATE_PRODUCT = YES;
			};
			name = Release;
		};
		AB5FA54A2DA6001C0020B0B3 /* Debug */ = {
			isa = XCBuildConfiguration;
			buildSettings = {
				ASSETCATALOG_COMPILER_APPICON_NAME = AppIcon;
				ASSETCATALOG_COMPILER_GLOBAL_ACCENT_COLOR_NAME = AccentColor;
				CODE_SIGN_ENTITLEMENTS = ccc/ccc.entitlements;
				CODE_SIGN_STYLE = Automatic;
				CURRENT_PROJECT_VERSION = 1;
				DEVELOPMENT_TEAM = 8VAHQABJFS;
				DONT_GENERATE_INFOPLIST_FILE = NO;
				ENABLE_PREVIEWS = YES;
				GENERATE_INFOPLIST_FILE = YES;
				INFOPLIST_FILE = ccc/Info.plist;
				INFOPLIST_KEY_NSBluetoothAlwaysUsageDescription = "We use Bluetooth to scan and connect to nearby health monitoring devices.";
				INFOPLIST_KEY_UIApplicationSceneManifest_Generation = YES;
				INFOPLIST_KEY_UIApplicationSupportsIndirectInputEvents = YES;
				INFOPLIST_KEY_UILaunchScreen_Generation = YES;
				INFOPLIST_KEY_UISupportedInterfaceOrientations_iPad = "UIInterfaceOrientationPortrait UIInterfaceOrientationPortraitUpsideDown UIInterfaceOrientationLandscapeLeft UIInterfaceOrientationLandscapeRight";
				INFOPLIST_KEY_UISupportedInterfaceOrientations_iPhone = "UIInterfaceOrientationPortrait UIInterfaceOrientationLandscapeLeft UIInterfaceOrientationLandscapeRight";
				IPHONEOS_DEPLOYMENT_TARGET = 17.6;
				LD_RUNPATH_SEARCH_PATHS = (
					"$(inherited)",
					"@executable_path/Frameworks",
				);
				MARKETING_VERSION = 1.0;
				NEW_SETTING = "";
				PRODUCT_BUNDLE_IDENTIFIER = jason.ccc;
				PRODUCT_NAME = "$(TARGET_NAME)";
				SWIFT_EMIT_LOC_STRINGS = YES;
				SWIFT_VERSION = 5.0;
				TARGETED_DEVICE_FAMILY = "1,2";
			};
			name = Debug;
		};
		AB5FA54B2DA6001C0020B0B3 /* Release */ = {
			isa = XCBuildConfiguration;
			buildSettings = {
				ASSETCATALOG_COMPILER_APPICON_NAME = AppIcon;
				ASSETCATALOG_COMPILER_GLOBAL_ACCENT_COLOR_NAME = AccentColor;
				CODE_SIGN_ENTITLEMENTS = ccc/ccc.entitlements;
				CODE_SIGN_STYLE = Automatic;
				CURRENT_PROJECT_VERSION = 1;
				DEVELOPMENT_TEAM = 8VAHQABJFS;
				DONT_GENERATE_INFOPLIST_FILE = NO;
				ENABLE_PREVIEWS = YES;
				GENERATE_INFOPLIST_FILE = YES;
				INFOPLIST_FILE = ccc/Info.plist;
				INFOPLIST_KEY_NSBluetoothAlwaysUsageDescription = "We use Bluetooth to scan and connect to nearby health monitoring devices.";
				INFOPLIST_KEY_UIApplicationSceneManifest_Generation = YES;
				INFOPLIST_KEY_UIApplicationSupportsIndirectInputEvents = YES;
				INFOPLIST_KEY_UILaunchScreen_Generation = YES;
				INFOPLIST_KEY_UISupportedInterfaceOrientations_iPad = "UIInterfaceOrientationPortrait UIInterfaceOrientationPortraitUpsideDown UIInterfaceOrientationLandscapeLeft UIInterfaceOrientationLandscapeRight";
				INFOPLIST_KEY_UISupportedInterfaceOrientations_iPhone = "UIInterfaceOrientationPortrait UIInterfaceOrientationLandscapeLeft UIInterfaceOrientationLandscapeRight";
				IPHONEOS_DEPLOYMENT_TARGET = 17.6;
				LD_RUNPATH_SEARCH_PATHS = (
					"$(inherited)",
					"@executable_path/Frameworks",
				);
				MARKETING_VERSION = 1.0;
				NEW_SETTING = "";
				PRODUCT_BUNDLE_IDENTIFIER = jason.ccc;
				PRODUCT_NAME = "$(TARGET_NAME)";
				SWIFT_EMIT_LOC_STRINGS = YES;
				SWIFT_VERSION = 5.0;
				TARGETED_DEVICE_FAMILY = "1,2";
			};
			name = Release;
		};
		AB5FA54D2DA6001C0020B0B3 /* Debug */ = {
			isa = XCBuildConfiguration;
			buildSettings = {
				BUNDLE_LOADER = "$(TEST_HOST)";
				CODE_SIGN_STYLE = Automatic;
				CURRENT_PROJECT_VERSION = 1;
				GENERATE_INFOPLIST_FILE = YES;
				IPHONEOS_DEPLOYMENT_TARGET = 18.4;
				MARKETING_VERSION = 1.0;
				PRODUCT_BUNDLE_IDENTIFIER = lily.cccTests;
				PRODUCT_NAME = "$(TARGET_NAME)";
				SWIFT_EMIT_LOC_STRINGS = NO;
				SWIFT_VERSION = 5.0;
				TARGETED_DEVICE_FAMILY = "1,2";
				TEST_HOST = "$(BUILT_PRODUCTS_DIR)/ccc.app/$(BUNDLE_EXECUTABLE_FOLDER_PATH)/ccc";
			};
			name = Debug;
		};
		AB5FA54E2DA6001C0020B0B3 /* Release */ = {
			isa = XCBuildConfiguration;
			buildSettings = {
				BUNDLE_LOADER = "$(TEST_HOST)";
				CODE_SIGN_STYLE = Automatic;
				CURRENT_PROJECT_VERSION = 1;
				GENERATE_INFOPLIST_FILE = YES;
				IPHONEOS_DEPLOYMENT_TARGET = 18.4;
				MARKETING_VERSION = 1.0;
				PRODUCT_BUNDLE_IDENTIFIER = lily.cccTests;
				PRODUCT_NAME = "$(TARGET_NAME)";
				SWIFT_EMIT_LOC_STRINGS = NO;
				SWIFT_VERSION = 5.0;
				TARGETED_DEVICE_FAMILY = "1,2";
				TEST_HOST = "$(BUILT_PRODUCTS_DIR)/ccc.app/$(BUNDLE_EXECUTABLE_FOLDER_PATH)/ccc";
			};
			name = Release;
		};
		AB5FA5502DA6001C0020B0B3 /* Debug */ = {
			isa = XCBuildConfiguration;
			buildSettings = {
				CODE_SIGN_STYLE = Automatic;
				CURRENT_PROJECT_VERSION = 1;
				GENERATE_INFOPLIST_FILE = YES;
				MARKETING_VERSION = 1.0;
				PRODUCT_BUNDLE_IDENTIFIER = lily.cccUITests;
				PRODUCT_NAME = "$(TARGET_NAME)";
				SWIFT_EMIT_LOC_STRINGS = NO;
				SWIFT_VERSION = 5.0;
				TARGETED_DEVICE_FAMILY = "1,2";
				TEST_TARGET_NAME = ccc;
			};
			name = Debug;
		};
		AB5FA5512DA6001C0020B0B3 /* Release */ = {
			isa = XCBuildConfiguration;
			buildSettings = {
				CODE_SIGN_STYLE = Automatic;
				CURRENT_PROJECT_VERSION = 1;
				GENERATE_INFOPLIST_FILE = YES;
				MARKETING_VERSION = 1.0;
				PRODUCT_BUNDLE_IDENTIFIER = lily.cccUITests;
				PRODUCT_NAME = "$(TARGET_NAME)";
				SWIFT_EMIT_LOC_STRINGS = NO;
				SWIFT_VERSION = 5.0;
				TARGETED_DEVICE_FAMILY = "1,2";
				TEST_TARGET_NAME = ccc;
			};
			name = Release;
		};
/* End XCBuildConfiguration section */

/* Begin XCConfigurationList section */
		AB5FA5232DA6001B0020B0B3 /* Build configuration list for PBXProject "ccc" */ = {
			isa = XCConfigurationList;
			buildConfigurations = (
				AB5FA5472DA6001C0020B0B3 /* Debug */,
				AB5FA5482DA6001C0020B0B3 /* Release */,
			);
			defaultConfigurationIsVisible = 0;
			defaultConfigurationName = Release;
		};
		AB5FA5492DA6001C0020B0B3 /* Build configuration list for PBXNativeTarget "ccc" */ = {
			isa = XCConfigurationList;
			buildConfigurations = (
				AB5FA54A2DA6001C0020B0B3 /* Debug */,
				AB5FA54B2DA6001C0020B0B3 /* Release */,
			);
			defaultConfigurationIsVisible = 0;
			defaultConfigurationName = Release;
		};
		AB5FA54C2DA6001C0020B0B3 /* Build configuration list for PBXNativeTarget "cccTests" */ = {
			isa = XCConfigurationList;
			buildConfigurations = (
				AB5FA54D2DA6001C0020B0B3 /* Debug */,
				AB5FA54E2DA6001C0020B0B3 /* Release */,
			);
			defaultConfigurationIsVisible = 0;
			defaultConfigurationName = Release;
		};
		AB5FA54F2DA6001C0020B0B3 /* Build configuration list for PBXNativeTarget "cccUITests" */ = {
			isa = XCConfigurationList;
			buildConfigurations = (
				AB5FA5502DA6001C0020B0B3 /* Debug */,
				AB5FA5512DA6001C0020B0B3 /* Release */,
			);
			defaultConfigurationIsVisible = 0;
			defaultConfigurationName = Release;
		};
/* End XCConfigurationList section */

/* Begin XCRemoteSwiftPackageReference section */
		AB5FA7222DAF03950020B0B3 /* XCRemoteSwiftPackageReference "aws-sdk-swift" */ = {
			isa = XCRemoteSwiftPackageReference;
			repositoryURL = "https://github.com/awslabs/aws-sdk-swift";
			requirement = {
				kind = upToNextMajorVersion;
				minimumVersion = 1.2.59;
			};
		};
/* End XCRemoteSwiftPackageReference section */

/* Begin XCSwiftPackageProductDependency section */
		AB5FA7232DAF03950020B0B3 /* AWSClientRuntime */ = {
			isa = XCSwiftPackageProductDependency;
			package = AB5FA7222DAF03950020B0B3 /* XCRemoteSwiftPackageReference "aws-sdk-swift" */;
			productName = AWSClientRuntime;
		};
		AB5FA7272DAF03950020B0B3 /* AWSCognitoIdentityProvider */ = {
			isa = XCSwiftPackageProductDependency;
			package = AB5FA7222DAF03950020B0B3 /* XCRemoteSwiftPackageReference "aws-sdk-swift" */;
			productName = AWSCognitoIdentityProvider;
		};
		AB5FA7292DAF04E90020B0B3 /* AWSClientRuntime */ = {
			isa = XCSwiftPackageProductDependency;
			package = AB5FA7222DAF03950020B0B3 /* XCRemoteSwiftPackageReference "aws-sdk-swift" */;
			productName = AWSClientRuntime;
		};
		AB5FA72B2DAF04F50020B0B3 /* AWSCognitoIdentityProvider */ = {
			isa = XCSwiftPackageProductDependency;
			package = AB5FA7222DAF03950020B0B3 /* XCRemoteSwiftPackageReference "aws-sdk-swift" */;
			productName = AWSCognitoIdentityProvider;
		};
/* End XCSwiftPackageProductDependency section */
	};
	rootObject = AB5FA5202DA6001B0020B0B3 /* Project object */;
}
